
Microsoft Visual Studio Solution File, Format Version 12.00
# Visual Studio 15
VisualStudioVersion = 15.0.28307.1321
MinimumVisualStudioVersion = 10.0.40219.1
Project("{8BC9CEB8-8B4A-11D0-8D11-00A0C91BC942}") = "main", "main\main.vcxproj", "{A39D8952-3E75-413B-B2AF-370C11DB68DD}"
EndProject
Project("{54435603-DBB4-11D2-8724-00A0C9A8B90C}") = "Setup2", "Setup2\Setup2.vdproj", "{143B221C-A77F-4607-90D9-D34AB6865329}"
EndProject
Global
	GlobalSection(SolutionConfigurationPlatforms) = preSolution
		Debug|x64 = Debug|x64
		Debug|x86 = Debug|x86
		Release|x64 = Release|x64
		Release|x86 = Release|x86
	EndGlobalSection
	GlobalSection(ProjectConfigurationPlatforms) = postSolution
		{A39D8952-3E75-413B-B2AF-370C11DB68DD}.Debug|x64.ActiveCfg = Debug|x64
		{A39D8952-3E75-413B-B2AF-370C11DB68DD}.Debug|x64.Build.0 = Debug|x64
		{A39D8952-3E75-413B-B2AF-370C11DB68DD}.Debug|x86.ActiveCfg = Debug|Win32
		{A39D8952-3E75-413B-B2AF-370C11DB68DD}.Debug|x86.Build.0 = Debug|Win32
		{A39D8952-3E75-413B-B2AF-370C11DB68DD}.Release|x64.ActiveCfg = Release|x64
		{A39D8952-3E75-413B-B2AF-370C11DB68DD}.Release|x64.Build.0 = Release|x64
		{A39D8952-3E75-413B-B2AF-370C11DB68DD}.Release|x86.ActiveCfg = Release|Win32
		{A39D8952-3E75-413B-B2AF-370C11DB68DD}.Release|x86.Build.0 = Release|Win32
		{143B221C-A77F-4607-90D9-D34AB6865329}.Debug|x64.ActiveCfg = Debug
		{143B221C-A77F-4607-90D9-D34AB6865329}.Debug|x86.ActiveCfg = Debug
		{143B221C-A77F-4607-90D9-D34AB6865329}.Release|x64.ActiveCfg = Release
		{143B221C-A77F-4607-90D9-D34AB6865329}.Release|x86.ActiveCfg = Release
	EndGlobalSection
	GlobalSection(SolutionProperties) = preSolution
		HideSolutionNode = FALSE
	EndGlobalSection
	GlobalSection(ExtensibilityGlobals) = postSolution
		SolutionGuid = {77BAB853-D8C1-40FE-A961-737783E4D388}
	EndGlobalSection
EndGlobal
